<?xml version="1.0" encoding="UTF-8"?>
<Scheme
   LastUpgradeVersion = "0910"
   version = "1.3">
   <BuildAction
      parallelizeBuildables = "NO"
      buildImplicitDependencies = "YES">
      <BuildActionEntries>
         <BuildActionEntry
            buildForTesting = "YES"
            buildForRunning = "YES"
            buildForProfiling = "YES"
            buildForArchiving = "YES"
            buildForAnalyzing = "YES">
            <BuildableReference
               BuildableIdentifier = "primary"
               BlueprintIdentifier = "FCE239990E9BC5CB00F949F1"
               BuildableName = "libPhoton-objc_release_iphoneos.a"
               BlueprintName = "Photon-objc-iphone"
               ReferencedContainer = "container:../../../Photon-objc/Photon-objc.xcodeproj">
            </BuildableReference>
         </BuildActionEntry>
         <BuildActionEntry
            buildForTesting = "YES"
            buildForRunning = "YES"
            buildForProfiling = "YES"
            buildForArchiving = "YES"
            buildForAnalyzing = "YES">
            <BuildableReference
               BuildableIdentifier = "primary"
               BlueprintIdentifier = "B37FD048147E7E7000EDB954"
               BuildableName = "demo_iPhone_typeSupport_objc.app"
               BlueprintName = "demo_iPhone_typeSupport_objc"
               ReferencedContainer = "container:demo_iPhone_typeSupport_objc.xcodeproj">
            </BuildableReference>
         </BuildActionEntry>
      </BuildActionEntries>
   </BuildAction>
   <TestAction
      buildConfiguration = "release"
      selectedDebuggerIdentifier = "Xcode.DebuggerFoundation.Debugger.LLDB"
      selectedLauncherIdentifier = "Xcode.DebuggerFoundation.Launcher.LLDB"
      language = ""
      shouldUseLaunchSchemeArgsEnv = "YES">
      <Testables>
      </Testables>
      <MacroExpansion>
         <BuildableReference
            BuildableIdentifier = "primary"
            BlueprintIdentifier = "B37FD048147E7E7000EDB954"
            BuildableName = "demo_iPhone_typeSupport_objc.app"
            BlueprintName = "demo_iPhone_typeSupport_objc"
            ReferencedContainer = "container:demo_iPhone_typeSupport_objc.xcodeproj">
         </BuildableReference>
      </MacroExpansion>
      <AdditionalOptions>
      </AdditionalOptions>
   </TestAction>
   <LaunchAction
      buildConfiguration = "release"
      selectedDebuggerIdentifier = "Xcode.DebuggerFoundation.Debugger.LLDB"
      selectedLauncherIdentifier = "Xcode.DebuggerFoundation.Launcher.LLDB"
      language = ""
      launchStyle = "0"
      useCustomWorkingDirectory = "NO"
      ignoresPersistentStateOnLaunch = "NO"
      debugDocumentVersioning = "YES"
      debugServiceExtension = "internal"
      allowLocationSimulation = "YES">
      <BuildableProductRunnable
         runnableDebuggingMode = "0">
         <BuildableReference
            BuildableIdentifier = "primary"
            BlueprintIdentifier = "B37FD048147E7E7000EDB954"
            BuildableName = "demo_iPhone_typeSupport_objc.app"
            BlueprintName = "demo_iPhone_typeSupport_objc"
            ReferencedContainer = "container:demo_iPhone_typeSupport_objc.xcodeproj">
         </BuildableReference>
      </BuildableProductRunnable>
      <AdditionalOptions>
      </AdditionalOptions>
   </LaunchAction>
   <ProfileAction
      buildConfiguration = "release"
      shouldUseLaunchSchemeArgsEnv = "YES"
      savedToolIdentifier = ""
      useCustomWorkingDirectory = "NO"
      debugDocumentVersioning = "YES">
      <BuildableProductRunnable
         runnableDebuggingMode = "0">
         <BuildableReference
            BuildableIdentifier = "primary"
            BlueprintIdentifier = "B37FD048147E7E7000EDB954"
            BuildableName = "demo_iPhone_typeSupport_objc.app"
            BlueprintName = "demo_iPhone_typeSupport_objc"
            ReferencedContainer = "container:demo_iPhone_typeSupport_objc.xcodeproj">
         </BuildableReference>
      </BuildableProductRunnable>
   </ProfileAction>
   <AnalyzeAction
      buildConfiguration = "release">
   </AnalyzeAction>
   <ArchiveAction
      buildConfiguration = "release"
      revealArchiveInOrganizer = "YES">
   </ArchiveAction>
</Scheme>
